// !$*UTF8*$!
{
	archiveVersion = 1;
	classes = {
	};
	objectVersion = 56;
	objects = {

/* Begin PBXBuildFile section */
		949369D22B6A305C001A82B9 /* Structure_SwiftUIApp.swift in Sources */ = {isa = PBXBuildFile; fileRef = 949369D12B6A305C001A82B9 /* Structure_SwiftUIApp.swift */; };
		949369D42B6A305C001A82B9 /* ContentView.swift in Sources */ = {isa = PBXBuildFile; fileRef = 949369D32B6A305C001A82B9 /* ContentView.swift */; };
		949369D62B6A305E001A82B9 /* Assets.xcassets in Resources */ = {isa = PBXBuildFile; fileRef = 949369D52B6A305E001A82B9 /* Assets.xcassets */; };
		949369D92B6A305E001A82B9 /* Preview Assets.xcassets in Resources */ = {isa = PBXBuildFile; fileRef = 949369D82B6A305E001A82B9 /* Preview Assets.xcassets */; };
		949369F22B6A3094001A82B9 /* Constants.swift in Sources */ = {isa = PBXBuildFile; fileRef = 949369E02B6A3094001A82B9 /* Constants.swift */; };
		949369F32B6A3094001A82B9 /* Other+Ext.swift in Sources */ = {isa = PBXBuildFile; fileRef = 949369E22B6A3094001A82B9 /* Other+Ext.swift */; };
		949369F42B6A3094001A82B9 /* Double+Ext.swift in Sources */ = {isa = PBXBuildFile; fileRef = 949369E32B6A3094001A82B9 /* Double+Ext.swift */; };
		949369F52B6A3094001A82B9 /* Navigation+Ext.swift in Sources */ = {isa = PBXBuildFile; fileRef = 949369E42B6A3094001A82B9 /* Navigation+Ext.swift */; };
		949369F62B6A3094001A82B9 /* Color+Ext.swift in Sources */ = {isa = PBXBuildFile; fileRef = 949369E52B6A3094001A82B9 /* Color+Ext.swift */; };
		949369F72B6A3094001A82B9 /* View+Ext.swift in Sources */ = {isa = PBXBuildFile; fileRef = 949369E62B6A3094001A82B9 /* View+Ext.swift */; };
		949369F82B6A3094001A82B9 /* CustomText.swift in Sources */ = {isa = PBXBuildFile; fileRef = 949369E72B6A3094001A82B9 /* CustomText.swift */; };
		949369F92B6A3094001A82B9 /* LocalHandler.swift in Sources */ = {isa = PBXBuildFile; fileRef = 949369E92B6A3094001A82B9 /* LocalHandler.swift */; };
		949369FA2B6A3094001A82B9 /* CustomToastView.swift in Sources */ = {isa = PBXBuildFile; fileRef = 949369EA2B6A3094001A82B9 /* CustomToastView.swift */; };
		949369FB2B6A3094001A82B9 /* CheckBoxToggle.swift in Sources */ = {isa = PBXBuildFile; fileRef = 949369EB2B6A3094001A82B9 /* CheckBoxToggle.swift */; };
		949369FC2B6A3094001A82B9 /* CustomTabBar.swift in Sources */ = {isa = PBXBuildFile; fileRef = 949369EC2B6A3094001A82B9 /* CustomTabBar.swift */; };
		949369FD2B6A3094001A82B9 /* CustomCircleLoader.swift in Sources */ = {isa = PBXBuildFile; fileRef = 949369ED2B6A3094001A82B9 /* CustomCircleLoader.swift */; };
		949369FE2B6A3094001A82B9 /* Localizable.strings in Resources */ = {isa = PBXBuildFile; fileRef = 949369EF2B6A3094001A82B9 /* Localizable.strings */; };
		94936A022B6A30A0001A82B9 /* ConfigurationManager.swift in Sources */ = {isa = PBXBuildFile; fileRef = 94936A002B6A30A0001A82B9 /* ConfigurationManager.swift */; };
		94936A032B6A30A0001A82B9 /* DevConfig.xcconfig in Resources */ = {isa = PBXBuildFile; fileRef = 94936A012B6A30A0001A82B9 /* DevConfig.xcconfig */; };
		94936A0A2B6A30AE001A82B9 /* EndPoints.swift in Sources */ = {isa = PBXBuildFile; fileRef = 94936A052B6A30AE001A82B9 /* EndPoints.swift */; };
		94936A0B2B6A30AE001A82B9 /* NetworkConnectivity.swift in Sources */ = {isa = PBXBuildFile; fileRef = 94936A062B6A30AE001A82B9 /* NetworkConnectivity.swift */; };
		94936A0C2B6A30AE001A82B9 /* NetworkService.swift in Sources */ = {isa = PBXBuildFile; fileRef = 94936A072B6A30AE001A82B9 /* NetworkService.swift */; };
		94936A0D2B6A30AE001A82B9 /* NetworkEnums.swift in Sources */ = {isa = PBXBuildFile; fileRef = 94936A082B6A30AE001A82B9 /* NetworkEnums.swift */; };
		94936A0E2B6A30AE001A82B9 /* NetworkModel.swift in Sources */ = {isa = PBXBuildFile; fileRef = 94936A092B6A30AE001A82B9 /* NetworkModel.swift */; };
		94936A112B6A30E3001A82B9 /* Enums.swift in Sources */ = {isa = PBXBuildFile; fileRef = 94936A102B6A30E3001A82B9 /* Enums.swift */; };
		94936A132B6A324F001A82B9 /* String+Ext.swift in Sources */ = {isa = PBXBuildFile; fileRef = 94936A122B6A324F001A82B9 /* String+Ext.swift */; };
		94936A162B6A3298001A82B9 /* SDWebImageSwiftUI in Frameworks */ = {isa = PBXBuildFile; productRef = 94936A152B6A3298001A82B9 /* SDWebImageSwiftUI */; };
		94936A192B6A32AA001A82B9 /* ToastUI in Frameworks */ = {isa = PBXBuildFile; productRef = 94936A182B6A32AA001A82B9 /* ToastUI */; };
		94936A1C2B6A33D7001A82B9 /* CustomButton.swift in Sources */ = {isa = PBXBuildFile; fileRef = 94936A1B2B6A33D7001A82B9 /* CustomButton.swift */; };
		94936A1E2B6A3478001A82B9 /* Date+Ext.swift in Sources */ = {isa = PBXBuildFile; fileRef = 94936A1D2B6A3478001A82B9 /* Date+Ext.swift */; };
		94936A212B6A39E2001A82B9 /* ContentManager.swift in Sources */ = {isa = PBXBuildFile; fileRef = 94936A202B6A39E2001A82B9 /* ContentManager.swift */; };
/* End PBXBuildFile section */

/* Begin PBXFileReference section */
		949369CE2B6A305C001A82B9 /* Structure SwiftUI.app */ = {isa = PBXFileReference; explicitFileType = wrapper.application; includeInIndex = 0; path = "Structure SwiftUI.app"; sourceTree = BUILT_PRODUCTS_DIR; };
		949369D12B6A305C001A82B9 /* Structure_SwiftUIApp.swift */ = {isa = PBXFileReference; lastKnownFileType = sourcecode.swift; path = Structure_SwiftUIApp.swift; sourceTree = "<group>"; };
		949369D32B6A305C001A82B9 /* ContentView.swift */ = {isa = PBXFileReference; lastKnownFileType = sourcecode.swift; path = ContentView.swift; sourceTree = "<group>"; };
		949369D52B6A305E001A82B9 /* Assets.xcassets */ = {isa = PBXFileReference; lastKnownFileType = folder.assetcatalog; path = Assets.xcassets; sourceTree = "<group>"; };
		949369D82B6A305E001A82B9 /* Preview Assets.xcassets */ = {isa = PBXFileReference; lastKnownFileType = folder.assetcatalog; path = "Preview Assets.xcassets"; sourceTree = "<group>"; };
		949369E02B6A3094001A82B9 /* Constants.swift */ = {isa = PBXFileReference; fileEncoding = 4; lastKnownFileType = sourcecode.swift; path = Constants.swift; sourceTree = "<group>"; };
		949369E22B6A3094001A82B9 /* Other+Ext.swift */ = {isa = PBXFileReference; fileEncoding = 4; lastKnownFileType = sourcecode.swift; path = "Other+Ext.swift"; sourceTree = "<group>"; };
		949369E32B6A3094001A82B9 /* Double+Ext.swift */ = {isa = PBXFileReference; fileEncoding = 4; lastKnownFileType = sourcecode.swift; path = "Double+Ext.swift"; sourceTree = "<group>"; };
		949369E42B6A3094001A82B9 /* Navigation+Ext.swift */ = {isa = PBXFileReference; fileEncoding = 4; lastKnownFileType = sourcecode.swift; path = "Navigation+Ext.swift"; sourceTree = "<group>"; };
		949369E52B6A3094001A82B9 /* Color+Ext.swift */ = {isa = PBXFileReference; fileEncoding = 4; lastKnownFileType = sourcecode.swift; path = "Color+Ext.swift"; sourceTree = "<group>"; };
		949369E62B6A3094001A82B9 /* View+Ext.swift */ = {isa = PBXFileReference; fileEncoding = 4; lastKnownFileType = sourcecode.swift; path = "View+Ext.swift"; sourceTree = "<group>"; };
		949369E72B6A3094001A82B9 /* CustomText.swift */ = {isa = PBXFileReference; fileEncoding = 4; lastKnownFileType = sourcecode.swift; path = CustomText.swift; sourceTree = "<group>"; };
		949369E92B6A3094001A82B9 /* LocalHandler.swift */ = {isa = PBXFileReference; fileEncoding = 4; lastKnownFileType = sourcecode.swift; path = LocalHandler.swift; sourceTree = "<group>"; };
		949369EA2B6A3094001A82B9 /* CustomToastView.swift */ = {isa = PBXFileReference; fileEncoding = 4; lastKnownFileType = sourcecode.swift; path = CustomToastView.swift; sourceTree = "<group>"; };
		949369EB2B6A3094001A82B9 /* CheckBoxToggle.swift */ = {isa = PBXFileReference; fileEncoding = 4; lastKnownFileType = sourcecode.swift; path = CheckBoxToggle.swift; sourceTree = "<group>"; };
		949369EC2B6A3094001A82B9 /* CustomTabBar.swift */ = {isa = PBXFileReference; fileEncoding = 4; lastKnownFileType = sourcecode.swift; path = CustomTabBar.swift; sourceTree = "<group>"; };
		949369ED2B6A3094001A82B9 /* CustomCircleLoader.swift */ = {isa = PBXFileReference; fileEncoding = 4; lastKnownFileType = sourcecode.swift; path = CustomCircleLoader.swift; sourceTree = "<group>"; };
		949369F02B6A3094001A82B9 /* ar */ = {isa = PBXFileReference; lastKnownFileType = text.plist.strings; name = ar; path = ar.lproj/Localizable.strings; sourceTree = "<group>"; };
		949369F12B6A3094001A82B9 /* en */ = {isa = PBXFileReference; lastKnownFileType = text.plist.strings; name = en; path = en.lproj/Localizable.strings; sourceTree = "<group>"; };
		94936A002B6A30A0001A82B9 /* ConfigurationManager.swift */ = {isa = PBXFileReference; fileEncoding = 4; lastKnownFileType = sourcecode.swift; path = ConfigurationManager.swift; sourceTree = "<group>"; };
		94936A012B6A30A0001A82B9 /* DevConfig.xcconfig */ = {isa = PBXFileReference; fileEncoding = 4; lastKnownFileType = text.xcconfig; path = DevConfig.xcconfig; sourceTree = "<group>"; };
		94936A052B6A30AE001A82B9 /* EndPoints.swift */ = {isa = PBXFileReference; fileEncoding = 4; lastKnownFileType = sourcecode.swift; path = EndPoints.swift; sourceTree = "<group>"; };
		94936A062B6A30AE001A82B9 /* NetworkConnectivity.swift */ = {isa = PBXFileReference; fileEncoding = 4; lastKnownFileType = sourcecode.swift; path = NetworkConnectivity.swift; sourceTree = "<group>"; };
		94936A072B6A30AE001A82B9 /* NetworkService.swift */ = {isa = PBXFileReference; fileEncoding = 4; lastKnownFileType = sourcecode.swift; path = NetworkService.swift; sourceTree = "<group>"; };
		94936A082B6A30AE001A82B9 /* NetworkEnums.swift */ = {isa = PBXFileReference; fileEncoding = 4; lastKnownFileType = sourcecode.swift; path = NetworkEnums.swift; sourceTree = "<group>"; };
		94936A092B6A30AE001A82B9 /* NetworkModel.swift */ = {isa = PBXFileReference; fileEncoding = 4; lastKnownFileType = sourcecode.swift; path = NetworkModel.swift; sourceTree = "<group>"; };
		94936A102B6A30E3001A82B9 /* Enums.swift */ = {isa = PBXFileReference; lastKnownFileType = sourcecode.swift; path = Enums.swift; sourceTree = "<group>"; };
		94936A122B6A324F001A82B9 /* String+Ext.swift */ = {isa = PBXFileReference; lastKnownFileType = sourcecode.swift; path = "String+Ext.swift"; sourceTree = "<group>"; };
		94936A1B2B6A33D7001A82B9 /* CustomButton.swift */ = {isa = PBXFileReference; fileEncoding = 4; lastKnownFileType = sourcecode.swift; path = CustomButton.swift; sourceTree = "<group>"; };
		94936A1D2B6A3478001A82B9 /* Date+Ext.swift */ = {isa = PBXFileReference; fileEncoding = 4; lastKnownFileType = sourcecode.swift; path = "Date+Ext.swift"; sourceTree = "<group>"; };
		94936A202B6A39E2001A82B9 /* ContentManager.swift */ = {isa = PBXFileReference; lastKnownFileType = sourcecode.swift; path = ContentManager.swift; sourceTree = "<group>"; };
/* End PBXFileReference section */

/* Begin PBXFrameworksBuildPhase section */
		949369CB2B6A305C001A82B9 /* Frameworks */ = {
			isa = PBXFrameworksBuildPhase;
			buildActionMask = 2147483647;
			files = (
				94936A192B6A32AA001A82B9 /* ToastUI in Frameworks */,
				94936A162B6A3298001A82B9 /* SDWebImageSwiftUI in Frameworks */,
			);
			runOnlyForDeploymentPostprocessing = 0;
		};
/* End PBXFrameworksBuildPhase section */

/* Begin PBXGroup section */
		949369C52B6A305B001A82B9 = {
			isa = PBXGroup;
			children = (
				949369D02B6A305C001A82B9 /* Structure SwiftUI */,
				949369CF2B6A305C001A82B9 /* Products */,
			);
			sourceTree = "<group>";
		};
		949369CF2B6A305C001A82B9 /* Products */ = {
			isa = PBXGroup;
			children = (
				949369CE2B6A305C001A82B9 /* Structure SwiftUI.app */,
			);
			name = Products;
			sourceTree = "<group>";
		};
		949369D02B6A305C001A82B9 /* Structure SwiftUI */ = {
			isa = PBXGroup;
			children = (
				949369FF2B6A30A0001A82B9 /* Configurations */,
				94936A042B6A30AE001A82B9 /* Network */,
				949369DF2B6A3094001A82B9 /* SupportingFiles */,
				94936A0F2B6A30C8001A82B9 /* Views */,
				949369D72B6A305E001A82B9 /* Preview Content */,
			);
			path = "Structure SwiftUI";
			sourceTree = "<group>";
		};
		949369D72B6A305E001A82B9 /* Preview Content */ = {
			isa = PBXGroup;
			children = (
				949369D52B6A305E001A82B9 /* Assets.xcassets */,
				949369D82B6A305E001A82B9 /* Preview Assets.xcassets */,
			);
			path = "Preview Content";
			sourceTree = "<group>";
		};
		949369DF2B6A3094001A82B9 /* SupportingFiles */ = {
			isa = PBXGroup;
			children = (
				94936A1A2B6A3334001A82B9 /* Constants */,
				949369E12B6A3094001A82B9 /* Extensions */,
				949369E82B6A3094001A82B9 /* Helpers */,
				949369EE2B6A3094001A82B9 /* Localization */,
			);
			path = SupportingFiles;
			sourceTree = "<group>";
		};
		949369E12B6A3094001A82B9 /* Extensions */ = {
			isa = PBXGroup;
			children = (
				949369E62B6A3094001A82B9 /* View+Ext.swift */,
				94936A1D2B6A3478001A82B9 /* Date+Ext.swift */,
				949369E52B6A3094001A82B9 /* Color+Ext.swift */,
				949369E22B6A3094001A82B9 /* Other+Ext.swift */,
				94936A122B6A324F001A82B9 /* String+Ext.swift */,
				949369E32B6A3094001A82B9 /* Double+Ext.swift */,
				949369E42B6A3094001A82B9 /* Navigation+Ext.swift */,
			);
			path = Extensions;
			sourceTree = "<group>";
		};
		949369E82B6A3094001A82B9 /* Helpers */ = {
			isa = PBXGroup;
			children = (
				949369E72B6A3094001A82B9 /* CustomText.swift */,
				94936A1B2B6A33D7001A82B9 /* CustomButton.swift */,
				949369E92B6A3094001A82B9 /* LocalHandler.swift */,
				949369EC2B6A3094001A82B9 /* CustomTabBar.swift */,
				949369EB2B6A3094001A82B9 /* CheckBoxToggle.swift */,
				949369EA2B6A3094001A82B9 /* CustomToastView.swift */,
				949369ED2B6A3094001A82B9 /* CustomCircleLoader.swift */,
			);
			path = Helpers;
			sourceTree = "<group>";
		};
		949369EE2B6A3094001A82B9 /* Localization */ = {
			isa = PBXGroup;
			children = (
				949369EF2B6A3094001A82B9 /* Localizable.strings */,
			);
			path = Localization;
			sourceTree = "<group>";
		};
		949369FF2B6A30A0001A82B9 /* Configurations */ = {
			isa = PBXGroup;
			children = (
				94936A002B6A30A0001A82B9 /* ConfigurationManager.swift */,
				94936A012B6A30A0001A82B9 /* DevConfig.xcconfig */,
			);
			path = Configurations;
			sourceTree = "<group>";
		};
		94936A042B6A30AE001A82B9 /* Network */ = {
			isa = PBXGroup;
			children = (
				94936A052B6A30AE001A82B9 /* EndPoints.swift */,
				94936A062B6A30AE001A82B9 /* NetworkConnectivity.swift */,
				94936A072B6A30AE001A82B9 /* NetworkService.swift */,
				94936A082B6A30AE001A82B9 /* NetworkEnums.swift */,
				94936A092B6A30AE001A82B9 /* NetworkModel.swift */,
			);
			path = Network;
			sourceTree = "<group>";
		};
		94936A0F2B6A30C8001A82B9 /* Views */ = {
			isa = PBXGroup;
			children = (
				949369D12B6A305C001A82B9 /* Structure_SwiftUIApp.swift */,
				94936A1F2B6A39D7001A82B9 /* MainView */,
			);
			path = Views;
			sourceTree = "<group>";
		};
		94936A1A2B6A3334001A82B9 /* Constants */ = {
			isa = PBXGroup;
			children = (
				949369E02B6A3094001A82B9 /* Constants.swift */,
				94936A102B6A30E3001A82B9 /* Enums.swift */,
			);
			path = Constants;
			sourceTree = "<group>";
		};
		94936A1F2B6A39D7001A82B9 /* MainView */ = {
			isa = PBXGroup;
			children = (
				949369D32B6A305C001A82B9 /* ContentView.swift */,
				94936A202B6A39E2001A82B9 /* ContentManager.swift */,
			);
			path = MainView;
			sourceTree = "<group>";
		};
/* End PBXGroup section */

/* Begin PBXNativeTarget section */
		949369CD2B6A305C001A82B9 /* Structure SwiftUI */ = {
			isa = PBXNativeTarget;
			buildConfigurationList = 949369DC2B6A305E001A82B9 /* Build configuration list for PBXNativeTarget "Structure SwiftUI" */;
			buildPhases = (
				949369CA2B6A305C001A82B9 /* Sources */,
				949369CB2B6A305C001A82B9 /* Frameworks */,
				949369CC2B6A305C001A82B9 /* Resources */,
			);
			buildRules = (
			);
			dependencies = (
			);
			name = "Structure SwiftUI";
			packageProductDependencies = (
				94936A152B6A3298001A82B9 /* SDWebImageSwiftUI */,
				94936A182B6A32AA001A82B9 /* ToastUI */,
			);
			productName = "Structure SwiftUI";
			productReference = 949369CE2B6A305C001A82B9 /* Structure SwiftUI.app */;
			productType = "com.apple.product-type.application";
		};
/* End PBXNativeTarget section */

/* Begin PBXProject section */
		949369C62B6A305B001A82B9 /* Project object */ = {
			isa = PBXProject;
			attributes = {
				BuildIndependentTargetsInParallel = 1;
				LastSwiftUpdateCheck = 1510;
				LastUpgradeCheck = 1510;
				TargetAttributes = {
					949369CD2B6A305C001A82B9 = {
						CreatedOnToolsVersion = 15.1;
					};
				};
			};
			buildConfigurationList = 949369C92B6A305B001A82B9 /* Build configuration list for PBXProject "Structure SwiftUI" */;
			compatibilityVersion = "Xcode 14.0";
			developmentRegion = en;
			hasScannedForEncodings = 0;
			knownRegions = (
				en,
				Base,
				ar,
			);
			mainGroup = 949369C52B6A305B001A82B9;
			packageReferences = (
				94936A142B6A3298001A82B9 /* XCRemoteSwiftPackageReference "SDWebImageSwiftUI" */,
				94936A172B6A32AA001A82B9 /* XCRemoteSwiftPackageReference "ToastUI" */,
			);
			productRefGroup = 949369CF2B6A305C001A82B9 /* Products */;
			projectDirPath = "";
			projectRoot = "";
			targets = (
				949369CD2B6A305C001A82B9 /* Structure SwiftUI */,
			);
		};
/* End PBXProject section */

/* Begin PBXResourcesBuildPhase section */
		949369CC2B6A305C001A82B9 /* Resources */ = {
			isa = PBXResourcesBuildPhase;
			buildActionMask = 2147483647;
			files = (
				949369D92B6A305E001A82B9 /* Preview Assets.xcassets in Resources */,
				949369FE2B6A3094001A82B9 /* Localizable.strings in Resources */,
				94936A032B6A30A0001A82B9 /* DevConfig.xcconfig in Resources */,
				949369D62B6A305E001A82B9 /* Assets.xcassets in Resources */,
			);
			runOnlyForDeploymentPostprocessing = 0;
		};
/* End PBXResourcesBuildPhase section */

/* Begin PBXSourcesBuildPhase section */
		949369CA2B6A305C001A82B9 /* Sources */ = {
			isa = PBXSourcesBuildPhase;
			buildActionMask = 2147483647;
			files = (
				949369FA2B6A3094001A82B9 /* CustomToastView.swift in Sources */,
				949369F72B6A3094001A82B9 /* View+Ext.swift in Sources */,
				94936A0D2B6A30AE001A82B9 /* NetworkEnums.swift in Sources */,
				94936A1E2B6A3478001A82B9 /* Date+Ext.swift in Sources */,
				949369F32B6A3094001A82B9 /* Other+Ext.swift in Sources */,
				94936A112B6A30E3001A82B9 /* Enums.swift in Sources */,
				94936A212B6A39E2001A82B9 /* ContentManager.swift in Sources */,
				949369FD2B6A3094001A82B9 /* CustomCircleLoader.swift in Sources */,
				94936A0C2B6A30AE001A82B9 /* NetworkService.swift in Sources */,
				949369FC2B6A3094001A82B9 /* CustomTabBar.swift in Sources */,
				94936A022B6A30A0001A82B9 /* ConfigurationManager.swift in Sources */,
				94936A0E2B6A30AE001A82B9 /* NetworkModel.swift in Sources */,
				94936A132B6A324F001A82B9 /* String+Ext.swift in Sources */,
				949369F62B6A3094001A82B9 /* Color+Ext.swift in Sources */,
				949369FB2B6A3094001A82B9 /* CheckBoxToggle.swift in Sources */,
				949369F52B6A3094001A82B9 /* Navigation+Ext.swift in Sources */,
				949369F92B6A3094001A82B9 /* LocalHandler.swift in Sources */,
				949369D42B6A305C001A82B9 /* ContentView.swift in Sources */,
				949369D22B6A305C001A82B9 /* Structure_SwiftUIApp.swift in Sources */,
				94936A1C2B6A33D7001A82B9 /* CustomButton.swift in Sources */,
				949369F22B6A3094001A82B9 /* Constants.swift in Sources */,
				949369F42B6A3094001A82B9 /* Double+Ext.swift in Sources */,
				94936A0B2B6A30AE001A82B9 /* NetworkConnectivity.swift in Sources */,
				94936A0A2B6A30AE001A82B9 /* EndPoints.swift in Sources */,
				949369F82B6A3094001A82B9 /* CustomText.swift in Sources */,
			);
			runOnlyForDeploymentPostprocessing = 0;
		};
/* End PBXSourcesBuildPhase section */

/* Begin PBXVariantGroup section */
		949369EF2B6A3094001A82B9 /* Localizable.strings */ = {
			isa = PBXVariantGroup;
			children = (
				949369F02B6A3094001A82B9 /* ar */,
				949369F12B6A3094001A82B9 /* en */,
			);
			name = Localizable.strings;
			sourceTree = "<group>";
		};
/* End PBXVariantGroup section */

/* Begin XCBuildConfiguration section */
		949369DA2B6A305E001A82B9 /* Debug */ = {
			isa = XCBuildConfiguration;
			buildSettings = {
				ALWAYS_SEARCH_USER_PATHS = NO;
				ASSETCATALOG_COMPILER_GENERATE_SWIFT_ASSET_SYMBOL_EXTENSIONS = YES;
				CLANG_ANALYZER_NONNULL = YES;
				CLANG_ANALYZER_NUMBER_OBJECT_CONVERSION = YES_AGGRESSIVE;
				CLANG_CXX_LANGUAGE_STANDARD = "gnu++20";
				CLANG_ENABLE_MODULES = YES;
				CLANG_ENABLE_OBJC_ARC = YES;
				CLANG_ENABLE_OBJC_WEAK = YES;
				CLANG_WARN_BLOCK_CAPTURE_AUTORELEASING = YES;
				CLANG_WARN_BOOL_CONVERSION = YES;
				CLANG_WARN_COMMA = YES;
				CLANG_WARN_CONSTANT_CONVERSION = YES;
				CLANG_WARN_DEPRECATED_OBJC_IMPLEMENTATIONS = YES;
				CLANG_WARN_DIRECT_OBJC_ISA_USAGE = YES_ERROR;
				CLANG_WARN_DOCUMENTATION_COMMENTS = YES;
				CLANG_WARN_EMPTY_BODY = YES;
				CLANG_WARN_ENUM_CONVERSION = YES;
				CLANG_WARN_INFINITE_RECURSION = YES;
				CLANG_WARN_INT_CONVERSION = YES;
				CLANG_WARN_NON_LITERAL_NULL_CONVERSION = YES;
				CLANG_WARN_OBJC_IMPLICIT_RETAIN_SELF = YES;
				CLANG_WARN_OBJC_LITERAL_CONVERSION = YES;
				CLANG_WARN_OBJC_ROOT_CLASS = YES_ERROR;
				CLANG_WARN_QUOTED_INCLUDE_IN_FRAMEWORK_HEADER = YES;
				CLANG_WARN_RANGE_LOOP_ANALYSIS = YES;
				CLANG_WARN_STRICT_PROTOTYPES = YES;
				CLANG_WARN_SUSPICIOUS_MOVE = YES;
				CLANG_WARN_UNGUARDED_AVAILABILITY = YES_AGGRESSIVE;
				CLANG_WARN_UNREACHABLE_CODE = YES;
				CLANG_WARN__DUPLICATE_METHOD_MATCH = YES;
				COPY_PHASE_STRIP = NO;
				DEBUG_INFORMATION_FORMAT = dwarf;
				ENABLE_STRICT_OBJC_MSGSEND = YES;
				ENABLE_TESTABILITY = YES;
				ENABLE_USER_SCRIPT_SANDBOXING = YES;
				GCC_C_LANGUAGE_STANDARD = gnu17;
				GCC_DYNAMIC_NO_PIC = NO;
				GCC_NO_COMMON_BLOCKS = YES;
				GCC_OPTIMIZATION_LEVEL = 0;
				GCC_PREPROCESSOR_DEFINITIONS = (
					"DEBUG=1",
					"$(inherited)",
				);
				GCC_WARN_64_TO_32_BIT_CONVERSION = YES;
				GCC_WARN_ABOUT_RETURN_TYPE = YES_ERROR;
				GCC_WARN_UNDECLARED_SELECTOR = YES;
				GCC_WARN_UNINITIALIZED_AUTOS = YES_AGGRESSIVE;
				GCC_WARN_UNUSED_FUNCTION = YES;
				GCC_WARN_UNUSED_VARIABLE = YES;
				IPHONEOS_DEPLOYMENT_TARGET = 17.2;
				LOCALIZATION_PREFERS_STRING_CATALOGS = YES;
				MTL_ENABLE_DEBUG_INFO = INCLUDE_SOURCE;
				MTL_FAST_MATH = YES;
				ONLY_ACTIVE_ARCH = YES;
				SDKROOT = iphoneos;
				SWIFT_ACTIVE_COMPILATION_CONDITIONS = "DEBUG $(inherited)";
				SWIFT_OPTIMIZATION_LEVEL = "-Onone";
			};
			name = Debug;
		};
		949369DB2B6A305E001A82B9 /* Release */ = {
			isa = XCBuildConfiguration;
			buildSettings = {
				ALWAYS_SEARCH_USER_PATHS = NO;
				ASSETCATALOG_COMPILER_GENERATE_SWIFT_ASSET_SYMBOL_EXTENSIONS = YES;
				CLANG_ANALYZER_NONNULL = YES;
				CLANG_ANALYZER_NUMBER_OBJECT_CONVERSION = YES_AGGRESSIVE;
				CLANG_CXX_LANGUAGE_STANDARD = "gnu++20";
				CLANG_ENABLE_MODULES = YES;
				CLANG_ENABLE_OBJC_ARC = YES;
				CLANG_ENABLE_OBJC_WEAK = YES;
				CLANG_WARN_BLOCK_CAPTURE_AUTORELEASING = YES;
				CLANG_WARN_BOOL_CONVERSION = YES;
				CLANG_WARN_COMMA = YES;
				CLANG_WARN_CONSTANT_CONVERSION = YES;
				CLANG_WARN_DEPRECATED_OBJC_IMPLEMENTATIONS = YES;
				CLANG_WARN_DIRECT_OBJC_ISA_USAGE = YES_ERROR;
				CLANG_WARN_DOCUMENTATION_COMMENTS = YES;
				CLANG_WARN_EMPTY_BODY = YES;
				CLANG_WARN_ENUM_CONVERSION = YES;
				CLANG_WARN_INFINITE_RECURSION = YES;
				CLANG_WARN_INT_CONVERSION = YES;
				CLANG_WARN_NON_LITERAL_NULL_CONVERSION = YES;
				CLANG_WARN_OBJC_IMPLICIT_RETAIN_SELF = YES;
				CLANG_WARN_OBJC_LITERAL_CONVERSION = YES;
				CLANG_WARN_OBJC_ROOT_CLASS = YES_ERROR;
				CLANG_WARN_QUOTED_INCLUDE_IN_FRAMEWORK_HEADER = YES;
				CLANG_WARN_RANGE_LOOP_ANALYSIS = YES;
				CLANG_WARN_STRICT_PROTOTYPES = YES;
				CLANG_WARN_SUSPICIOUS_MOVE = YES;
				CLANG_WARN_UNGUARDED_AVAILABILITY = YES_AGGRESSIVE;
				CLANG_WARN_UNREACHABLE_CODE = YES;
				CLANG_WARN__DUPLICATE_METHOD_MATCH = YES;
				COPY_PHASE_STRIP = NO;
				DEBUG_INFORMATION_FORMAT = "dwarf-with-dsym";
				ENABLE_NS_ASSERTIONS = NO;
				ENABLE_STRICT_OBJC_MSGSEND = YES;
				ENABLE_USER_SCRIPT_SANDBOXING = YES;
				GCC_C_LANGUAGE_STANDARD = gnu17;
				GCC_NO_COMMON_BLOCKS = YES;
				GCC_WARN_64_TO_32_BIT_CONVERSION = YES;
				GCC_WARN_ABOUT_RETURN_TYPE = YES_ERROR;
				GCC_WARN_UNDECLARED_SELECTOR = YES;
				GCC_WARN_UNINITIALIZED_AUTOS = YES_AGGRESSIVE;
				GCC_WARN_UNUSED_FUNCTION = YES;
				GCC_WARN_UNUSED_VARIABLE = YES;
				IPHONEOS_DEPLOYMENT_TARGET = 17.2;
				LOCALIZATION_PREFERS_STRING_CATALOGS = YES;
				MTL_ENABLE_DEBUG_INFO = NO;
				MTL_FAST_MATH = YES;
				SDKROOT = iphoneos;
				SWIFT_COMPILATION_MODE = wholemodule;
				VALIDATE_PRODUCT = YES;
			};
			name = Release;
		};
		949369DD2B6A305E001A82B9 /* Debug */ = {
			isa = XCBuildConfiguration;
			buildSettings = {
				ASSETCATALOG_COMPILER_APPICON_NAME = AppIcon;
				ASSETCATALOG_COMPILER_GLOBAL_ACCENT_COLOR_NAME = AccentColor;
				CODE_SIGN_STYLE = Automatic;
				CURRENT_PROJECT_VERSION = 1;
				DEVELOPMENT_ASSET_PATHS = "\"Structure SwiftUI/Preview Content\"";
				ENABLE_PREVIEWS = YES;
				GENERATE_INFOPLIST_FILE = YES;
				INFOPLIST_KEY_UIApplicationSceneManifest_Generation = YES;
				INFOPLIST_KEY_UIApplicationSupportsIndirectInputEvents = YES;
				INFOPLIST_KEY_UILaunchScreen_Generation = YES;
				INFOPLIST_KEY_UISupportedInterfaceOrientations_iPad = "UIInterfaceOrientationPortrait UIInterfaceOrientationPortraitUpsideDown UIInterfaceOrientationLandscapeLeft UIInterfaceOrientationLandscapeRight";
				INFOPLIST_KEY_UISupportedInterfaceOrientations_iPhone = "UIInterfaceOrientationPortrait UIInterfaceOrientationLandscapeLeft UIInterfaceOrientationLandscapeRight";
				LD_RUNPATH_SEARCH_PATHS = (
					"$(inherited)",
					"@executable_path/Frameworks",
				);
				MARKETING_VERSION = 1.0;
				PRODUCT_BUNDLE_IDENTIFIER = "com.test.Structure-SwiftUI";
				PRODUCT_NAME = "$(TARGET_NAME)";
				SUPPORTED_PLATFORMS = "iphoneos iphonesimulator";
				SUPPORTS_MACCATALYST = NO;
				SUPPORTS_MAC_DESIGNED_FOR_IPHONE_IPAD = NO;
				SWIFT_EMIT_LOC_STRINGS = YES;
				SWIFT_VERSION = 5.0;
				TARGETED_DEVICE_FAMILY = 1;
			};
			name = Debug;
		};
		949369DE2B6A305E001A82B9 /* Release */ = {
			isa = XCBuildConfiguration;
			buildSettings = {
				ASSETCATALOG_COMPILER_APPICON_NAME = AppIcon;
				ASSETCATALOG_COMPILER_GLOBAL_ACCENT_COLOR_NAME = AccentColor;
				CODE_SIGN_STYLE = Automatic;
				CURRENT_PROJECT_VERSION = 1;
				DEVELOPMENT_ASSET_PATHS = "\"Structure SwiftUI/Preview Content\"";
				ENABLE_PREVIEWS = YES;
				GENERATE_INFOPLIST_FILE = YES;
				INFOPLIST_KEY_UIApplicationSceneManifest_Generation = YES;
				INFOPLIST_KEY_UIApplicationSupportsIndirectInputEvents = YES;
				INFOPLIST_KEY_UILaunchScreen_Generation = YES;
				INFOPLIST_KEY_UISupportedInterfaceOrientations_iPad = "UIInterfaceOrientationPortrait UIInterfaceOrientationPortraitUpsideDown UIInterfaceOrientationLandscapeLeft UIInterfaceOrientationLandscapeRight";
				INFOPLIST_KEY_UISupportedInterfaceOrientations_iPhone = "UIInterfaceOrientationPortrait UIInterfaceOrientationLandscapeLeft UIInterfaceOrientationLandscapeRight";
				LD_RUNPATH_SEARCH_PATHS = (
					"$(inherited)",
					"@executable_path/Frameworks",
				);
				MARKETING_VERSION = 1.0;
				PRODUCT_BUNDLE_IDENTIFIER = "com.test.Structure-SwiftUI";
				PRODUCT_NAME = "$(TARGET_NAME)";
				SUPPORTED_PLATFORMS = "iphoneos iphonesimulator";
				SUPPORTS_MACCATALYST = NO;
				SUPPORTS_MAC_DESIGNED_FOR_IPHONE_IPAD = NO;
				SWIFT_EMIT_LOC_STRINGS = YES;
				SWIFT_VERSION = 5.0;
				TARGETED_DEVICE_FAMILY = 1;
			};
			name = Release;
		};
/* End XCBuildConfiguration section */

/* Begin XCConfigurationList section */
		949369C92B6A305B001A82B9 /* Build configuration list for PBXProject "Structure SwiftUI" */ = {
			isa = XCConfigurationList;
			buildConfigurations = (
				949369DA2B6A305E001A82B9 /* Debug */,
				949369DB2B6A305E001A82B9 /* Release */,
			);
			defaultConfigurationIsVisible = 0;
			defaultConfigurationName = Release;
		};
		949369DC2B6A305E001A82B9 /* Build configuration list for PBXNativeTarget "Structure SwiftUI" */ = {
			isa = XCConfigurationList;
			buildConfigurations = (
				949369DD2B6A305E001A82B9 /* Debug */,
				949369DE2B6A305E001A82B9 /* Release */,
			);
			defaultConfigurationIsVisible = 0;
			defaultConfigurationName = Release;
		};
/* End XCConfigurationList section */

/* Begin XCRemoteSwiftPackageReference section */
		94936A142B6A3298001A82B9 /* XCRemoteSwiftPackageReference "SDWebImageSwiftUI" */ = {
			isa = XCRemoteSwiftPackageReference;
			repositoryURL = "https://github.com/SDWebImage/SDWebImageSwiftUI";
			requirement = {
				kind = upToNextMajorVersion;
				minimumVersion = 2.2.6;
			};
		};
		94936A172B6A32AA001A82B9 /* XCRemoteSwiftPackageReference "ToastUI" */ = {
			isa = XCRemoteSwiftPackageReference;
			repositoryURL = "https://github.com/quanshousio/ToastUI";
			requirement = {
				kind = upToNextMajorVersion;
				minimumVersion = 3.0.1;
			};
		};
/* End XCRemoteSwiftPackageReference section */

/* Begin XCSwiftPackageProductDependency section */
		94936A152B6A3298001A82B9 /* SDWebImageSwiftUI */ = {
			isa = XCSwiftPackageProductDependency;
			package = 94936A142B6A3298001A82B9 /* XCRemoteSwiftPackageReference "SDWebImageSwiftUI" */;
			productName = SDWebImageSwiftUI;
		};
		94936A182B6A32AA001A82B9 /* ToastUI */ = {
			isa = XCSwiftPackageProductDependency;
			package = 94936A172B6A32AA001A82B9 /* XCRemoteSwiftPackageReference "ToastUI" */;
			productName = ToastUI;
		};
/* End XCSwiftPackageProductDependency section */
	};
	rootObject = 949369C62B6A305B001A82B9 /* Project object */;
}
